# platform: osx-64
# env_hash: 9005c25c84dcad41f58a51ab9307e6fa1e432f095de446f95182c6fdc40b5922
@EXPLICIT
https://conda.anaconda.org/conda-forge/osx-64/bzip2-1.0.8-h0d85af4_4.tar.bz2#37edc4e6304ca87316e160f5ca0bd1b5
https://conda.anaconda.org/conda-forge/osx-64/c-ares-1.17.1-h0d85af4_1.tar.bz2#786a1af1bc9194e43bb3a9e1ea0146ed
https://conda.anaconda.org/conda-forge/osx-64/ca-certificates-2021.5.30-h033912b_0.tar.bz2#2377a0c58b5ffe92d70b7bdcd833e8ff
https://conda.anaconda.org/conda-forge/noarch/font-ttf-dejavu-sans-mono-2.37-hab24e00_0.tar.bz2#0c96522c6bdaed4b1566d11387caaf45
https://conda.anaconda.org/conda-forge/noarch/font-ttf-inconsolata-3.000-h77eed37_0.tar.bz2#34893075a5c9e55cdafac56607368fc6
https://conda.anaconda.org/conda-forge/noarch/font-ttf-source-code-pro-2.038-h77eed37_0.tar.bz2#4d59c254e01d9cde7957100457e2d5fb
https://conda.anaconda.org/conda-forge/noarch/font-ttf-ubuntu-0.83-hab24e00_0.tar.bz2#19410c3df09dfb12d1206132a1d357c5
https://conda.anaconda.org/conda-forge/osx-64/freexl-1.0.6-h0d85af4_0.tar.bz2#077e147086c0a8ca19071e312a5d12e0
https://conda.anaconda.org/conda-forge/osx-64/fribidi-1.0.10-hbcb3906_0.tar.bz2#f1c6b41e0f56998ecd9a3e210faa1dc0
https://conda.anaconda.org/conda-forge/osx-64/giflib-5.2.1-hbcb3906_2.tar.bz2#be8f747c37e4d7e346c133e641966750
https://conda.anaconda.org/conda-forge/osx-64/jpeg-9d-hbcb3906_0.tar.bz2#ff6fba028f282f94ceb10597d58a56e8
https://conda.anaconda.org/conda-forge/osx-64/json-c-0.15-hcb556a6_0.tar.bz2#be82ba36a7d6ffa646c7c2f510727736
https://conda.anaconda.org/conda-forge/osx-64/ldid-2.1.2-h7660a38_2.tar.bz2#be1a378e6e6fa263ebb6c46c86834176
https://conda.anaconda.org/conda-forge/osx-64/libcxx-11.1.0-habf9029_0.tar.bz2#a88609e545f948a404419c65cd96fa1a
https://conda.anaconda.org/conda-forge/osx-64/libev-4.33-haf1e3a3_1.tar.bz2#79dc2be110b2a3d1e97ec21f691c50ad
https://conda.anaconda.org/conda-forge/noarch/libgfortran-devel_osx-64-9.3.0-h6c81a4c_22.tar.bz2#ec33f98fe088a0311f05df5e46e710cf
https://conda.anaconda.org/conda-forge/osx-64/libiconv-1.16-haf1e3a3_0.tar.bz2#c5fab167412a52e491c8e11453ae016f
https://conda.anaconda.org/conda-forge/osx-64/libtool-2.4.6-h2e338ed_1007.tar.bz2#014bb0a1b0fe744bbfaa95db0569eebe
https://conda.anaconda.org/conda-forge/osx-64/libwebp-base-1.2.0-h0d85af4_2.tar.bz2#a5d807d5f16967981d45d6f33621f580
https://conda.anaconda.org/conda-forge/osx-64/llvm-openmp-11.1.0-hda6cdc1_1.tar.bz2#ca57c0d989dda699ee387581f781e239
https://conda.anaconda.org/conda-forge/osx-64/mpi-1.0-mpich.tar.bz2#7316a634ed27146b42d28433ec3bc227
https://conda.anaconda.org/conda-forge/osx-64/ncurses-6.2-h2e338ed_4.tar.bz2#9cef1910395d1543527583e73dba30f1
https://conda.anaconda.org/conda-forge/osx-64/pixman-0.40.0-hbcb3906_0.tar.bz2#09a583a6f172715be21d93aaa1b42d71
https://conda.anaconda.org/conda-forge/noarch/poppler-data-0.4.10-0.tar.bz2#02204e159c8596584135923fd81a2c10
https://conda.anaconda.org/conda-forge/osx-64/tzcode-2021a-h0d85af4_1.tar.bz2#a3ec24006a851c6971726b009cc675c0
https://conda.anaconda.org/conda-forge/noarch/tzdata-2021a-he74cb21_0.tar.bz2#6f36861f102249fc54861ff9343c3fdd
https://conda.anaconda.org/conda-forge/osx-64/xxhash-0.8.0-h35c211d_3.tar.bz2#17a9896e9b87b3781ff4657882d08678
https://conda.anaconda.org/conda-forge/osx-64/xz-5.2.5-haf1e3a3_1.tar.bz2#41116deb499e9bc58048c297d6403ce6
https://conda.anaconda.org/conda-forge/osx-64/yaml-0.2.5-haf1e3a3_0.tar.bz2#84c2fc186995c25a43e86ed708065572
https://conda.anaconda.org/conda-forge/osx-64/zlib-1.2.11-h7795811_1010.tar.bz2#7d39e47e16ed0107f37c7224d5b5be8b
https://conda.anaconda.org/conda-forge/osx-64/expat-2.4.1-he49afe7_0.tar.bz2#61d8ae52fc518342e6e0891f2d2c4104
https://conda.anaconda.org/conda-forge/noarch/fonts-conda-forge-1-0.tar.bz2#f766549260d6815b0c52253f1fb1bb29
https://conda.anaconda.org/conda-forge/osx-64/geos-3.9.1-he49afe7_2.tar.bz2#bd87b3078f6c10345cab62f3f8a6a04e
https://conda.anaconda.org/conda-forge/osx-64/gmp-6.2.1-h2e338ed_0.tar.bz2#dedc96914428dae572a39e69ee2a392f
https://conda.anaconda.org/conda-forge/osx-64/graphite2-1.3.13-h2e338ed_1001.tar.bz2#5f6e7f98caddd0fc2d345b207531814c
https://conda.anaconda.org/conda-forge/osx-64/hdf4-4.2.15-hefd3b78_3.tar.bz2#07bbe01a1cabdb9ec0d35524e09f4db4
https://conda.anaconda.org/conda-forge/osx-64/icu-68.1-h74dc148_0.tar.bz2#e4e7f8580abd1275ea2250fe606b66ac
https://conda.anaconda.org/conda-forge/osx-64/isl-0.22.1-hb1e8313_2.tar.bz2#d875acf04fcf1e4d5f3e179e0799363d
https://conda.anaconda.org/conda-forge/osx-64/libedit-3.1.20191231-h0678c8f_2.tar.bz2#6016a8a1d0e63cac3de2c352cd40208b
https://conda.anaconda.org/conda-forge/osx-64/libffi-3.3-h046ec9c_2.tar.bz2#c7a196accaf92d40985d5c9b4d14f9cb
https://conda.anaconda.org/conda-forge/osx-64/libgfortran5-9.3.0-h6c81a4c_22.tar.bz2#15c2a786898e345e3865008236d50799
https://conda.anaconda.org/conda-forge/osx-64/libllvm11-11.1.0-hd011deb_2.tar.bz2#2fb85f4602db53d72af74732ac23df59
https://conda.anaconda.org/conda-forge/osx-64/libpng-1.6.37-h7cec526_2.tar.bz2#9e52521faba2b53269672628d34e1513
https://conda.anaconda.org/conda-forge/osx-64/lz4-c-1.9.3-h046ec9c_0.tar.bz2#7f13d69c1b7989b85029efb6f3e35af9
https://conda.anaconda.org/conda-forge/osx-64/openssl-1.1.1k-h0d85af4_0.tar.bz2#f9582eb16f4e3bc7932995e122f30a74
https://conda.anaconda.org/conda-forge/osx-64/pcre-8.44-hb1e8313_0.tar.bz2#e1c1a939ae5ecd32f13db1f742b434e5
https://conda.anaconda.org/conda-forge/osx-64/readline-8.1-h05e3726_0.tar.bz2#2832e9b6a7caa7cb192fcda6cfcd8871
https://conda.anaconda.org/conda-forge/osx-64/tapi-1100.0.11-h9ce4665_0.tar.bz2#f9ff42ccf809a21ba6f8607f8de36108
https://conda.anaconda.org/conda-forge/osx-64/tk-8.6.10-h0419947_1.tar.bz2#9a79a432473acddd936ff8bab8b86145
https://conda.anaconda.org/conda-forge/noarch/fonts-conda-ecosystem-1-0.tar.bz2#fee5683a3f04bd15cbd8318b096a27ab
https://conda.anaconda.org/conda-forge/osx-64/freetype-2.10.4-h4cff582_1.tar.bz2#5a136a432c6062362cd7990c514bd8d6
https://conda.anaconda.org/conda-forge/osx-64/gettext-0.19.8.1-h7937167_1005.tar.bz2#52fd84c5cc5d61a6e05885f44d033efa
https://conda.anaconda.org/conda-forge/osx-64/krb5-1.19.1-hcfbf3a7_0.tar.bz2#fed1a9dde05f55e11a5b22b3e07cd72b
https://conda.anaconda.org/conda-forge/osx-64/ld64_osx-64-530-he8994da_21.tar.bz2#e831e5eb9b076b34077b3c3ca4a2114d
https://conda.anaconda.org/conda-forge/osx-64/libclang-cpp11.1-11.1.0-default_he082bbe_1.tar.bz2#b2126ee481ad6966bafd31a15b55bcab
https://conda.anaconda.org/conda-forge/osx-64/libgfortran-5.0.0-9_3_0_h6c81a4c_22.tar.bz2#2a96d438e9b3b5ece940211a4259d3e3
https://conda.anaconda.org/conda-forge/osx-64/libnghttp2-1.43.0-h07e645a_0.tar.bz2#b4a9c405d47f3b120ed6cf86cc8a13aa
https://conda.anaconda.org/conda-forge/osx-64/librttopo-1.1.0-h5413771_6.tar.bz2#d9872d8a6a79a806cda67821b61dcfad
https://conda.anaconda.org/conda-forge/osx-64/libssh2-1.9.0-h52ee1ee_6.tar.bz2#42cebefd1fd127d1180e3df004a413b7
https://conda.anaconda.org/conda-forge/osx-64/libxml2-2.9.12-h93ec3fd_0.tar.bz2#3bb7e5cd72ee6520ce6e26600a1283db
https://conda.anaconda.org/conda-forge/osx-64/llvm-tools-11.1.0-hd011deb_2.tar.bz2#16d68adf7c3ff06054231d65266a84a2
https://conda.anaconda.org/conda-forge/osx-64/mpfr-4.0.2-h72d8aaf_1.tar.bz2#a7b9a26985eadd6675077490a015e61e
https://conda.anaconda.org/conda-forge/osx-64/sqlite-3.35.5-h44b9ce1_0.tar.bz2#2c2013573c0ebe9eb400f483de607360
https://conda.anaconda.org/conda-forge/osx-64/udunits2-2.2.27.27-h664449b_1.tar.bz2#10a1c0239c272976e1cfc85be1d02f71
https://conda.anaconda.org/conda-forge/osx-64/xerces-c-3.2.3-h379762d_2.tar.bz2#6e2e329eab8a50d64f841331f4de0468
https://conda.anaconda.org/conda-forge/osx-64/zstd-1.4.9-h582d3a0_0.tar.bz2#551e04087371339ee63524f2988faa62
https://conda.anaconda.org/conda-forge/osx-64/boost-cpp-1.74.0-hbdcdab7_3.tar.bz2#61ca86836981730ce63be5ef0d2b1765
https://conda.anaconda.org/conda-forge/osx-64/cctools_osx-64-949.0.1-h6407bdd_21.tar.bz2#246255eca0f1299f2badc91ffb185173
https://conda.anaconda.org/conda-forge/osx-64/clang-11-11.1.0-default_he082bbe_1.tar.bz2#372838826abf84e6fd3afa62e22b2196
https://conda.anaconda.org/conda-forge/osx-64/fontconfig-2.13.1-h10f422b_1005.tar.bz2#95d7756fee0926aa2b6d111299c173f7
https://conda.anaconda.org/conda-forge/osx-64/ld64-530-hd2e7500_21.tar.bz2#7fbdf322511fe28106ce304cf500b2e7
https://conda.anaconda.org/conda-forge/osx-64/libcurl-7.77.0-hf45b732_0.tar.bz2#e37c0b30ad5c633cae6464040655acd1
https://conda.anaconda.org/conda-forge/osx-64/libglib-2.68.2-hd556434_2.tar.bz2#b1e79617b5c1ab5b47c44e1bb947cc21
https://conda.anaconda.org/conda-forge/osx-64/libopenblas-0.3.15-openmp_h5e1b9a4_1.tar.bz2#df1dd059a5754ae66b26755d9edd3037
https://conda.anaconda.org/conda-forge/osx-64/libpq-13.3-hea3049e_0.tar.bz2#3966f7b8c30ec619a44a8d570c6a4023
https://conda.anaconda.org/conda-forge/osx-64/libtiff-4.2.0-h46d1c8c_2.tar.bz2#37bb06418d6114913f052f2064b21ba9
https://conda.anaconda.org/conda-forge/osx-64/mpc-1.1.0-ha57cd0f_1009.tar.bz2#e97438cea7c25b9906edf9525f580674
https://conda.anaconda.org/conda-forge/osx-64/mpich-3.4.2-hd33e60e_100.tar.bz2#8f44f52de895854bbc0567e84b6ffe70
https://conda.anaconda.org/conda-forge/osx-64/python-3.9.4-h9133fd0_0_cpython.tar.bz2#e644663ab2c019457a135e71637f90b0
https://conda.anaconda.org/conda-forge/osx-64/tiledb-2.2.9-he9a4fb4_0.tar.bz2#2fdef59e3c478c430d628c696328aaa8
https://conda.anaconda.org/conda-forge/osx-64/atk-1.0-2.36.0-he69c4ee_4.tar.bz2#7b97814b391b446512be7df30c90ad26
https://conda.anaconda.org/conda-forge/noarch/attrs-21.2.0-pyhd8ed1ab_0.tar.bz2#d2e1c7f388ac403df7079b411c37cc50
https://conda.anaconda.org/conda-forge/osx-64/cairo-1.16.0-he43a7df_1008.tar.bz2#9a7c5be2c238f69157979bd1987bac82
https://conda.anaconda.org/conda-forge/osx-64/cctools-949.0.1-hd9211c8_21.tar.bz2#ded83662d413c394fa839bd6898dda74
https://conda.anaconda.org/conda-forge/osx-64/cfitsio-3.470-h01dc385_7.tar.bz2#7f3e6254480eeccf854238807b1798d9
https://conda.anaconda.org/conda-forge/osx-64/clang-11.1.0-h694c41f_1.tar.bz2#a0ed699033e22df5a346780e1e8acd02
https://conda.anaconda.org/conda-forge/noarch/click-7.1.2-pyh9f0ad1d_0.tar.bz2#bd50a970ce07e660c319fdc4d730d3f1
https://conda.anaconda.org/conda-forge/noarch/cloudpickle-1.6.0-py_0.tar.bz2#76d764d8881719e305f6fa368dc2b65e
https://conda.anaconda.org/conda-forge/osx-64/curl-7.77.0-hb861fe1_0.tar.bz2#bef6ebb9f95587e79e0cc281188e45c3
https://conda.anaconda.org/conda-forge/noarch/fsspec-2021.6.0-pyhd8ed1ab_0.tar.bz2#2568dbadce6148e58a9148de2c16a042
https://conda.anaconda.org/conda-forge/osx-64/gdk-pixbuf-2.42.6-h2e6141f_0.tar.bz2#be5dd0a4ffc76407baa987e0d99d6c97
https://conda.anaconda.org/conda-forge/osx-64/gfortran_impl_osx-64-9.3.0-h9cc0e5e_22.tar.bz2#a2e2daf761d32bc768dca8924ec3fb35
https://conda.anaconda.org/conda-forge/osx-64/gts-0.7.6-hccb3bdf_2.tar.bz2#ad799f4bcdacc510347c2d9d19b40bc3
https://conda.anaconda.org/conda-forge/osx-64/hdf5-1.10.6-mpi_mpich_h8c5dddf_1013.tar.bz2#e6eeb92b3b6f650b7a238e6ef20cad8f
https://conda.anaconda.org/conda-forge/noarch/heapdict-1.0.1-py_0.tar.bz2#77242bfb1e74a627fb06319b5a2d3b95
https://conda.anaconda.org/conda-forge/osx-64/lcms2-2.12-h577c468_0.tar.bz2#abce77b852b73670e85e104746b0ea1b
https://conda.anaconda.org/conda-forge/osx-64/libblas-3.9.0-9_openblas.tar.bz2#18bd6d171a80f1fefbad09cfda003840
https://conda.anaconda.org/conda-forge/osx-64/libkml-1.3.0-h8fd9edb_1013.tar.bz2#422f4621e74a9ebff7cc68883f78e283
https://conda.anaconda.org/conda-forge/osx-64/libwebp-1.2.0-h1648767_0.tar.bz2#83d55a406842f05cdfecc995c1e69018
https://conda.anaconda.org/conda-forge/noarch/locket-0.2.0-py_2.tar.bz2#709e8671651c7ec3d1ad07800339ff1d
https://conda.anaconda.org/conda-forge/noarch/olefile-0.46-pyh9f0ad1d_1.tar.bz2#0b2e68acc8c78c8cc392b90983481f58
https://conda.anaconda.org/conda-forge/osx-64/openjpeg-2.4.0-h6e7aa92_1.tar.bz2#c8cbb6d99f6467246ac26a139256e50f
https://conda.anaconda.org/conda-forge/osx-64/postgresql-13.3-he8fe76e_0.tar.bz2#a234e92152961be2d30ce66c6bb82c70
https://conda.anaconda.org/conda-forge/osx-64/proj-7.2.0-h78d1473_2.tar.bz2#3d1cbf2f7d932f2d0fef10267bf787f8
https://conda.anaconda.org/conda-forge/noarch/pyke-1.1.1-pyhd8ed1ab_1004.tar.bz2#5f0236abfbb6d53826d1afed1e64f82e
https://conda.anaconda.org/conda-forge/noarch/pyparsing-2.4.7-pyh9f0ad1d_0.tar.bz2#626c4f20d5bf06dcec9cf2eaa31725c7
https://conda.anaconda.org/conda-forge/noarch/pyshp-2.1.3-pyh44b312d_0.tar.bz2#2d1867b980785eb44b8122184d8b42a6
https://conda.anaconda.org/conda-forge/osx-64/python_abi-3.9-1_cp39.tar.bz2#538aaaaa7300d8cefba993d78a390592
https://conda.anaconda.org/conda-forge/noarch/pytz-2021.1-pyhd8ed1ab_0.tar.bz2#3af2e9424d5eb0063824a3f9b850d411
https://conda.anaconda.org/conda-forge/noarch/six-1.16.0-pyh6c4a22f_0.tar.bz2#e5f25f8dbc060e9a8d912e432202afc2
https://conda.anaconda.org/conda-forge/noarch/sortedcontainers-2.4.0-pyhd8ed1ab_0.tar.bz2#6d6552722448103793743dabfbda532d
https://conda.anaconda.org/conda-forge/noarch/tblib-1.7.0-pyhd8ed1ab_0.tar.bz2#3d4afc31302aa7be471feb6be048ed76
https://conda.anaconda.org/conda-forge/noarch/toolz-0.11.1-py_0.tar.bz2#d1e66b58cb00b3817ad9f05eec098c00
https://conda.anaconda.org/conda-forge/noarch/typing_extensions-3.10.0.0-pyha770c72_0.tar.bz2#67c0cba6533b641f28946d7c16f361c8
https://conda.anaconda.org/conda-forge/osx-64/antlr-python-runtime-4.7.2-py39h6e9494a_1002.tar.bz2#d086fc985702402b713dc89208cdd2c1
https://conda.anaconda.org/conda-forge/osx-64/certifi-2021.5.30-py39h6e9494a_0.tar.bz2#f5946ac7fd793702380bfcb90a353a0f
https://conda.anaconda.org/conda-forge/osx-64/clangxx-11.1.0-default_he082bbe_1.tar.bz2#75c1f03d0c539160c9483a7510a2e2d5
https://conda.anaconda.org/conda-forge/noarch/click-plugins-1.1.1-py_0.tar.bz2#4fd2c6b53934bd7d96d1f3fdaf99b79f
https://conda.anaconda.org/conda-forge/noarch/cligj-0.7.2-pyhd8ed1ab_0.tar.bz2#201a66fe570d09faf90bb1ba90070d61
https://conda.anaconda.org/conda-forge/noarch/cycler-0.10.0-py_2.tar.bz2#f6d7c7e6d8f42cbbec7e07a8d879f91c
https://conda.anaconda.org/conda-forge/osx-64/cytoolz-0.11.0-py39hcbf5805_3.tar.bz2#d7f8fe3b38bcfd6db495d4e4dd9ad3e1
https://conda.anaconda.org/conda-forge/osx-64/geotiff-1.6.0-h4fce3c3_4.tar.bz2#e3b8964148f1f8e307956186e4b51575
https://conda.anaconda.org/conda-forge/osx-64/harfbuzz-2.8.1-h159f659_0.tar.bz2#64456507739d9ff6a99a2909b032c472
https://conda.anaconda.org/conda-forge/osx-64/kealib-1.4.14-h31dd65d_2.tar.bz2#a6748170c0d1444fb46a330d2553ca3e
https://conda.anaconda.org/conda-forge/osx-64/kiwisolver-1.3.1-py39hedf5dff_1.tar.bz2#7953823f52fe5497c75bfe5ff158cdd8
https://conda.anaconda.org/conda-forge/osx-64/libcblas-3.9.0-9_openblas.tar.bz2#29ce1ba7a9eb9aff4f65fa9e63d89c81
https://conda.anaconda.org/conda-forge/osx-64/libdap4-3.20.6-h3e144a0_2.tar.bz2#55e0706347eb18f3616808366236bcaa
https://conda.anaconda.org/conda-forge/osx-64/libgd-2.3.2-h4e7a7ea_0.tar.bz2#d9e83a65dafb084ef6d718206fb96699
https://conda.anaconda.org/conda-forge/osx-64/liblapack-3.9.0-9_openblas.tar.bz2#4864f19fafd76c5ac7771f4942682bc1
https://conda.anaconda.org/conda-forge/osx-64/libnetcdf-4.7.4-mpi_mpich_h2865646_7.tar.bz2#bd9d0dc2880ed3e2a01215ddecfd202b
https://conda.anaconda.org/conda-forge/osx-64/libspatialite-5.0.1-h395434c_3.tar.bz2#c7c401643a067c87d2aae82e166703e1
https://conda.anaconda.org/conda-forge/osx-64/markupsafe-2.0.1-py39h89e85a6_0.tar.bz2#573ebdf373782a914d363f58da4edf20
https://conda.anaconda.org/conda-forge/osx-64/mpi4py-3.0.3-py39ha81d895_7.tar.bz2#403341a038651b22453e22000bfb8280
https://conda.anaconda.org/conda-forge/osx-64/msgpack-python-1.0.2-py39hedf5dff_1.tar.bz2#9d2a7dce9664df577b7d623d1156a6c9
https://conda.anaconda.org/conda-forge/noarch/packaging-20.9-pyh44b312d_0.tar.bz2#be69a38e912054a62dc82cc3c7711a64
https://conda.anaconda.org/conda-forge/noarch/partd-1.2.0-pyhd8ed1ab_0.tar.bz2#0c32f563d7f22e3a34c95cad8cc95651
https://conda.anaconda.org/conda-forge/osx-64/pillow-8.2.0-py39h5fdd921_1.tar.bz2#b7a78c9eb873fb1a5d44f5892c65a3bb
https://conda.anaconda.org/conda-forge/osx-64/poppler-0.89.0-hd735947_5.tar.bz2#8ccadd857799b0f550e86399b44c473b
https://conda.anaconda.org/conda-forge/osx-64/psutil-5.8.0-py39h89e85a6_1.tar.bz2#7bdf1a038c5aa4997a55e5e156e1c9db
https://conda.anaconda.org/conda-forge/noarch/python-dateutil-2.8.1-py_0.tar.bz2#0d0150ed9c2d25817f5324108d3f7571
https://conda.anaconda.org/conda-forge/osx-64/python-xxhash-2.0.2-py39h89e85a6_0.tar.bz2#d7947afdcf7aa1ad46af83ad805fb8ea
https://conda.anaconda.org/conda-forge/osx-64/pyyaml-5.4.1-py39hcbf5805_0.tar.bz2#16125bf06cd4bb0749f109f1451d7ed4
https://conda.anaconda.org/conda-forge/osx-64/tornado-6.1-py39hcbf5805_1.tar.bz2#0cf5e7624c99a7bdb806ed665eac145a
https://conda.anaconda.org/conda-forge/noarch/zict-2.0.0-py_0.tar.bz2#4750152be22f24d695b3004c5e1712d3
https://conda.anaconda.org/conda-forge/noarch/compiler-rt_osx-64-11.1.0-h8c5fa43_0.tar.bz2#fb3f165a363d3ca0ceeffd4ccca3244f
https://conda.anaconda.org/conda-forge/noarch/dask-core-2021.6.0-pyhd8ed1ab_0.tar.bz2#cea7be7ed76c4664498447ef35d2268c
https://conda.anaconda.org/conda-forge/noarch/jinja2-3.0.1-pyhd8ed1ab_0.tar.bz2#c647e77921fd3e245cdcc5b2d451a0f8
https://conda.anaconda.org/conda-forge/osx-64/libgdal-3.2.1-h62a8350_7.tar.bz2#b80d7281311eed8244aaf1051fcbb59e
https://conda.anaconda.org/conda-forge/osx-64/netcdf-fortran-4.5.3-mpi_mpich_hc610113_3.tar.bz2#21085769c27fbb1dd152191b1c3801e4
https://conda.anaconda.org/conda-forge/osx-64/numpy-1.20.3-py39h7eed0ac_1.tar.bz2#bddfa36e229609211f000ce6c1b6db5b
https://conda.anaconda.org/conda-forge/osx-64/pango-1.48.5-ha05cd14_0.tar.bz2#1f3c40e18cfb8c6f54c01e133a8d58c4
https://conda.anaconda.org/conda-forge/osx-64/setuptools-49.6.0-py39h6e9494a_3.tar.bz2#f4f757b28d82aae4f8c7f5aac5c9e477
https://conda.anaconda.org/conda-forge/osx-64/bokeh-2.3.2-py39h6e9494a_0.tar.bz2#fe371548c2a5435c75553758c9e55cf7
https://conda.anaconda.org/conda-forge/osx-64/cftime-1.2.1-py39h49efd1d_1.tar.bz2#62de30bcce762413e3603d5508a32512
https://conda.anaconda.org/conda-forge/osx-64/compiler-rt-11.1.0-h654b07c_0.tar.bz2#1ec4ff5ed3535060da79f923235ddb60
https://conda.anaconda.org/conda-forge/osx-64/distributed-2021.6.0-py39h6e9494a_0.tar.bz2#d17ac2d4e9de8a6c926d1d1832d18d82
https://conda.anaconda.org/conda-forge/osx-64/esmf-8.1.0-mpi_mpich_he0c1309_100.tar.bz2#48c011a9c000ca7ff0e24fd132b7f8a1
https://conda.anaconda.org/conda-forge/osx-64/gdal-3.2.1-py39h0530131_7.tar.bz2#be56499c8d120947650bbb1590017d40
https://conda.anaconda.org/conda-forge/osx-64/gtk2-2.24.33-h675d97a_1.tar.bz2#5042a5243c79120f5970ddf050e60bb4
https://conda.anaconda.org/conda-forge/osx-64/librsvg-2.50.7-hd2a7919_0.tar.bz2#e55d9a9976ab4fc802bf308d15303d60
https://conda.anaconda.org/conda-forge/osx-64/matplotlib-base-3.4.2-py39hb07454d_0.tar.bz2#c7893d6e9b11dc9c1f7c4b85b092f443
https://conda.anaconda.org/conda-forge/noarch/munch-2.5.0-py_0.tar.bz2#31d9e9be500e25ff0050bc9f57a6bcd7
https://conda.anaconda.org/conda-forge/osx-64/pandas-1.2.4-py39h4d6be9b_0.tar.bz2#98a77b2951a48e783ce8bc90498a1364
https://conda.anaconda.org/conda-forge/osx-64/python-stratify-0.2.post0-py39hc89836e_0.tar.bz2#26fa8e938d6728646fc81b9f47e283f5
https://conda.anaconda.org/conda-forge/osx-64/scipy-1.5.3-py39h3164f57_0.tar.bz2#9a685b3e303c42d0949ace686f124a6c
https://conda.anaconda.org/conda-forge/osx-64/shapely-1.7.1-py39h1d9c377_5.tar.bz2#f8442b9f6f2506c3f3eda963bcd8587f
https://conda.anaconda.org/conda-forge/osx-64/cartopy-0.19.0.post1-py39hada9a11_0.tar.bz2#a488c48b91a36a8675e386e93c8055c1
https://conda.anaconda.org/conda-forge/osx-64/cf-units-2.1.5-py39hc89836e_0.tar.bz2#74a2fd1cea3bbb7d2e4a3d6510c44042
https://conda.anaconda.org/conda-forge/osx-64/clang_osx-64-11.1.0-hb91bd55_2.tar.bz2#fbe18e7d7260c87e21fcc5d730679558
https://conda.anaconda.org/conda-forge/noarch/dask-2021.6.0-pyhd8ed1ab_0.tar.bz2#554ef426ff0ef06641338b7a514d6354
https://conda.anaconda.org/conda-forge/osx-64/esmpy-8.1.0-mpi_mpich_py39h0ce8afd_100.tar.bz2#a0c77606a276474094d096d1e780b253
https://conda.anaconda.org/conda-forge/osx-64/fiona-1.8.18-py39h673eaac_1.tar.bz2#4629589be7a89edaef5a62e042211273
https://conda.anaconda.org/conda-forge/osx-64/graphviz-2.47.2-h77de9ca_0.tar.bz2#3ef89e430b93283cf5794bd696b4c0d7
https://conda.anaconda.org/conda-forge/osx-64/netcdf4-1.5.6-nompi_py39h353b61e_102.tar.bz2#6fda6d801460fa5855e24a0d9791dcdb
https://conda.anaconda.org/conda-forge/osx-64/c-compiler-1.1.3-h35c211d_0.tar.bz2#38900ee9871fdc254b4b61ec7351c439
https://conda.anaconda.org/conda-forge/osx-64/clangxx_osx-64-11.1.0-h7e1b574_2.tar.bz2#a79c471cfc85c47d36e5b8580f54488b
https://conda.anaconda.org/conda-forge/osx-64/gfortran_osx-64-9.3.0-h18f7dce_14.tar.bz2#ba880ffed9748573da098f694a098e62
https://conda.anaconda.org/conda-forge/osx-64/iris-3.0.2-py39h6e9494a_1.tar.bz2#1f3e3c1fab8ab195661c20703b75f2ac
https://conda.anaconda.org/conda-forge/osx-64/cxx-compiler-1.1.3-h926bf3e_0.tar.bz2#835c5849a7f14dfd5dd4ae69434bbcc5
https://conda.anaconda.org/conda-forge/osx-64/fortran-compiler-1.1.3-h6818c3e_0.tar.bz2#6697c51fc8926196e1f3b160ec27f455
https://conda.anaconda.org/conda-forge/osx-64/compilers-1.1.3-h694c41f_0.tar.bz2#9ddde17512b12f8ff0e710b4a3f559ba
