# Generated by conda-lock.
# platform: linux-64
# input_hash: 7acac56e1039a746a7c4c8a9ce305809cab913e49ed1430c8de0cf45ad2a5fab
@EXPLICIT
https://conda.anaconda.org/conda-forge/linux-64/_libgcc_mutex-0.1-conda_forge.tar.bz2#d7c89558ba9fa0495403155b64376d81
https://conda.anaconda.org/conda-forge/linux-64/ca-certificates-2022.6.15-ha878542_0.tar.bz2#c320890f77fd1d617fa876e0982002c2
https://conda.anaconda.org/conda-forge/noarch/font-ttf-dejavu-sans-mono-2.37-hab24e00_0.tar.bz2#0c96522c6bdaed4b1566d11387caaf45
https://conda.anaconda.org/conda-forge/noarch/font-ttf-inconsolata-3.000-h77eed37_0.tar.bz2#34893075a5c9e55cdafac56607368fc6
https://conda.anaconda.org/conda-forge/noarch/font-ttf-source-code-pro-2.038-h77eed37_0.tar.bz2#4d59c254e01d9cde7957100457e2d5fb
https://conda.anaconda.org/conda-forge/noarch/font-ttf-ubuntu-0.83-hab24e00_0.tar.bz2#19410c3df09dfb12d1206132a1d357c5
https://conda.anaconda.org/conda-forge/noarch/kernel-headers_linux-64-2.6.32-he073ed8_15.tar.bz2#5dd5127afd710f91f6a75821bac0a4f0
https://conda.anaconda.org/conda-forge/linux-64/ld_impl_linux-64-2.36.1-hea4e1c9_2.tar.bz2#bd4f2e711b39af170e7ff15163fe87ee
https://conda.anaconda.org/conda-forge/linux-64/libgcc-devel_linux-64-10.3.0-he6cfe16_16.tar.bz2#878a30aba0574e69bd920c55f243aa06
https://conda.anaconda.org/conda-forge/linux-64/libgfortran5-12.1.0-hdcd56e2_16.tar.bz2#b02605b875559ff99f04351fd5040760
https://conda.anaconda.org/conda-forge/linux-64/libstdcxx-devel_linux-64-10.3.0-he6cfe16_16.tar.bz2#baae55f62968547a3731cb668736f611
https://conda.anaconda.org/conda-forge/linux-64/libstdcxx-ng-12.1.0-ha89aaad_16.tar.bz2#6f5ba041a41eb102a1027d9e68731be7
https://conda.anaconda.org/conda-forge/linux-64/mpi-1.0-mpich.tar.bz2#c1fcff3417b5a22bbc4cf6e8c23648cf
https://conda.anaconda.org/conda-forge/noarch/poppler-data-0.4.11-hd8ed1ab_0.tar.bz2#abc27381c4f005da588cffa1f76403ee
https://conda.anaconda.org/conda-forge/noarch/tzdata-2022a-h191b570_0.tar.bz2#84be5301069417a2221187d2f435e0f7
https://conda.anaconda.org/conda-forge/noarch/fonts-conda-forge-1-0.tar.bz2#f766549260d6815b0c52253f1fb1bb29
https://conda.anaconda.org/conda-forge/linux-64/libgfortran-ng-12.1.0-h69a702a_16.tar.bz2#6bf15e29a20f614b18ae89368260d0a2
https://conda.anaconda.org/conda-forge/linux-64/libgomp-12.1.0-h8d9b700_16.tar.bz2#f013cf7749536ce43d82afbffdf499ab
https://conda.anaconda.org/conda-forge/noarch/sysroot_linux-64-2.12-he073ed8_15.tar.bz2#66c192522eacf5bb763568b4e415d133
https://conda.anaconda.org/conda-forge/linux-64/_openmp_mutex-4.5-2_gnu.tar.bz2#73aaf86a425cc6e73fcf236a5a46396d
https://conda.anaconda.org/conda-forge/linux-64/binutils_impl_linux-64-2.36.1-h193b22a_2.tar.bz2#32aae4265554a47ea77f7c09f86aeb3b
https://conda.anaconda.org/conda-forge/noarch/fonts-conda-ecosystem-1-0.tar.bz2#fee5683a3f04bd15cbd8318b096a27ab
https://conda.anaconda.org/conda-forge/linux-64/binutils-2.36.1-hdd6e379_2.tar.bz2#3111f86041b5b6863545ca49130cca95
https://conda.anaconda.org/conda-forge/linux-64/binutils_linux-64-2.36-hf3e587d_10.tar.bz2#9d5cdbfe24b182d4c749b86d500ac9d2
https://conda.anaconda.org/conda-forge/linux-64/libgcc-ng-12.1.0-h8d9b700_16.tar.bz2#4f05bc9844f7c101e6e147dab3c88d5c
https://conda.anaconda.org/conda-forge/linux-64/bzip2-1.0.8-h7f98852_4.tar.bz2#a1fd65c7ccbf10880423d82bca54eb54
https://conda.anaconda.org/conda-forge/linux-64/c-ares-1.18.1-h7f98852_0.tar.bz2#f26ef8098fab1f719c91eb760d63381a
https://conda.anaconda.org/conda-forge/linux-64/expat-2.4.8-h27087fc_0.tar.bz2#e1b07832504eeba765d648389cc387a9
https://conda.anaconda.org/conda-forge/linux-64/freexl-1.0.6-h7f98852_0.tar.bz2#fb707484f02b122edec5fe3d1f3f552f
https://conda.anaconda.org/conda-forge/linux-64/geos-3.11.0-h27087fc_0.tar.bz2#a583d0bc9a85c48e8b07a588d1ac8a80
https://conda.anaconda.org/conda-forge/linux-64/giflib-5.2.1-h36c2ea0_2.tar.bz2#626e68ae9cc5912d6adb79d318cf962d
https://conda.anaconda.org/conda-forge/linux-64/icu-70.1-h27087fc_0.tar.bz2#87473a15119779e021c314249d4b4aed
https://conda.anaconda.org/conda-forge/linux-64/jpeg-9e-h166bdaf_2.tar.bz2#ee8b844357a0946870901c7c6f418268
https://conda.anaconda.org/conda-forge/linux-64/json-c-0.16-hc379101_0.tar.bz2#0e2bca6857cb73acec30387fef7c3142
https://conda.anaconda.org/conda-forge/linux-64/keyutils-1.6.1-h166bdaf_0.tar.bz2#30186d27e2c9fa62b45fb1476b7200e3
https://conda.anaconda.org/conda-forge/linux-64/lerc-3.0-h9c3ff4c_0.tar.bz2#7fcefde484980d23f0ec24c11e314d2e
https://conda.anaconda.org/conda-forge/linux-64/libbrotlicommon-1.0.9-h166bdaf_7.tar.bz2#f82dc1c78bcf73583f2656433ce2933c
https://conda.anaconda.org/conda-forge/linux-64/libdeflate-1.12-h166bdaf_0.tar.bz2#d56e3db8fa642fb383f18f5be35eeef2
https://conda.anaconda.org/conda-forge/linux-64/libev-4.33-h516909a_1.tar.bz2#6f8720dff19e17ce5d48cfe7f3d2f0a3
https://conda.anaconda.org/conda-forge/linux-64/libffi-3.4.2-h7f98852_5.tar.bz2#d645c6d2ac96843a2bfaccd2d62b3ac3
https://conda.anaconda.org/conda-forge/linux-64/libiconv-1.16-h516909a_0.tar.bz2#5c0f338a513a2943c659ae619fca9211
https://conda.anaconda.org/conda-forge/linux-64/libnsl-2.0.0-h7f98852_0.tar.bz2#39b1328babf85c7c3a61636d9cd50206
https://conda.anaconda.org/conda-forge/linux-64/libopenblas-0.3.20-pthreads_h78a6416_0.tar.bz2#9b6d0781953c9e353faee494336cc229
https://conda.anaconda.org/conda-forge/linux-64/libsanitizer-10.3.0-h26c7422_16.tar.bz2#4076c395c7fa53cd708949e4be48154e
https://conda.anaconda.org/conda-forge/linux-64/libuuid-2.32.1-h7f98852_1000.tar.bz2#772d69f030955d9646d3d0eaf21d859d
https://conda.anaconda.org/conda-forge/linux-64/libwebp-base-1.2.2-h7f98852_1.tar.bz2#46cf26ecc8775a0aab300ea1821aaa3c
https://conda.anaconda.org/conda-forge/linux-64/libzlib-1.2.12-h166bdaf_1.tar.bz2#58eaff4f91891978af3625e7bbf958af
https://conda.anaconda.org/conda-forge/linux-64/lz4-c-1.9.3-h9c3ff4c_1.tar.bz2#fbe97e8fa6f275d7c76a09e795adc3e6
https://conda.anaconda.org/conda-forge/linux-64/mpich-4.0.2-h846660c_100.tar.bz2#36a36fe04b932d4b327e7e81c5c43696
https://conda.anaconda.org/conda-forge/linux-64/ncurses-6.3-h27087fc_1.tar.bz2#4acfc691e64342b9dae57cf2adc63238
https://conda.anaconda.org/conda-forge/linux-64/nspr-4.32-h9c3ff4c_1.tar.bz2#29ded371806431b0499aaee146abfc3e
https://conda.anaconda.org/conda-forge/linux-64/openssl-3.0.5-h166bdaf_0.tar.bz2#f158304d1e469c37e9ffdbe796305571
https://conda.anaconda.org/conda-forge/linux-64/pcre-8.45-h9c3ff4c_0.tar.bz2#c05d1820a6d34ff07aaaab7a9b7eddaa
https://conda.anaconda.org/conda-forge/linux-64/pixman-0.40.0-h36c2ea0_0.tar.bz2#660e72c82f2e75a6b3fe6a6e75c79f19
https://conda.anaconda.org/conda-forge/linux-64/pthread-stubs-0.4-h36c2ea0_1001.tar.bz2#22dad4df6e8630e8dff2428f6f6a7036
https://conda.anaconda.org/conda-forge/linux-64/snappy-1.1.9-hbd366e4_1.tar.bz2#418adb239781d9690afc6b1a05514c37
https://conda.anaconda.org/conda-forge/linux-64/tzcode-2022a-h166bdaf_0.tar.bz2#e9dc6be4e271364d258b1dd074c014b3
https://conda.anaconda.org/conda-forge/linux-64/xorg-kbproto-1.0.7-h7f98852_1002.tar.bz2#4b230e8381279d76131116660f5a241a
https://conda.anaconda.org/conda-forge/linux-64/xorg-libice-1.0.10-h7f98852_0.tar.bz2#d6b0b50b49eccfe0be0373be628be0f3
https://conda.anaconda.org/conda-forge/linux-64/xorg-libxau-1.0.9-h7f98852_0.tar.bz2#bf6f803a544f26ebbdc3bfff272eb179
https://conda.anaconda.org/conda-forge/linux-64/xorg-libxdmcp-1.1.3-h7f98852_0.tar.bz2#be93aabceefa2fac576e971aef407908
https://conda.anaconda.org/conda-forge/linux-64/xorg-renderproto-0.11.1-h7f98852_1002.tar.bz2#06feff3d2634e3097ce2fe681474b534
https://conda.anaconda.org/conda-forge/linux-64/xorg-xextproto-7.3.0-h7f98852_1002.tar.bz2#1e15f6ad85a7d743a2ac68dae6c82b98
https://conda.anaconda.org/conda-forge/linux-64/xorg-xproto-7.0.31-h7f98852_1007.tar.bz2#b4a4381d54784606820704f7b5f05a15
https://conda.anaconda.org/conda-forge/linux-64/xxhash-0.8.0-h7f98852_3.tar.bz2#52402c791f35e414e704b7a113f99605
https://conda.anaconda.org/conda-forge/linux-64/xz-5.2.5-h516909a_1.tar.bz2#33f601066901f3e1a85af3522a8113f9
https://conda.anaconda.org/conda-forge/linux-64/yaml-0.2.5-h7f98852_2.tar.bz2#4cb3ad778ec2d5a7acbdf254eb1c42ae
https://conda.anaconda.org/conda-forge/linux-64/gcc_impl_linux-64-10.3.0-hf2f2afa_16.tar.bz2#a340c8ce9e702836e999984fcabd1b6e
https://conda.anaconda.org/conda-forge/linux-64/gettext-0.19.8.1-h73d1719_1008.tar.bz2#af49250eca8e139378f8ff0ae9e57251
https://conda.anaconda.org/conda-forge/linux-64/libblas-3.9.0-15_linux64_openblas.tar.bz2#04eb983975a1be3e57d6d667414cd774
https://conda.anaconda.org/conda-forge/linux-64/libbrotlidec-1.0.9-h166bdaf_7.tar.bz2#37a460703214d0d1b421e2a47eb5e6d0
https://conda.anaconda.org/conda-forge/linux-64/libbrotlienc-1.0.9-h166bdaf_7.tar.bz2#785a9296ea478eb78c47593c4da6550f
https://conda.anaconda.org/conda-forge/linux-64/libedit-3.1.20191231-he28a2e2_2.tar.bz2#4d331e44109e3f0e19b4cb8f9b82f3e1
https://conda.anaconda.org/conda-forge/linux-64/librttopo-1.1.0-hf730bdb_11.tar.bz2#13b2138ccfbd9821fe13ee0cb7471c03
https://conda.anaconda.org/conda-forge/linux-64/libxcb-1.13-h7f98852_1004.tar.bz2#b3653fdc58d03face9724f602218a904
https://conda.anaconda.org/conda-forge/linux-64/readline-8.1.2-h0f457ee_0.tar.bz2#db2ebbe2943aae81ed051a6a9af8e0fa
https://conda.anaconda.org/conda-forge/linux-64/tk-8.6.12-h27826a3_0.tar.bz2#5b8c42eb62e9fc961af70bdd6a26e168
https://conda.anaconda.org/conda-forge/linux-64/udunits2-2.2.28-hc3e0081_0.tar.bz2#d4c341e0379c31e9e781d4f204726867
https://conda.anaconda.org/conda-forge/linux-64/xerces-c-3.2.3-h55805fa_5.tar.bz2#ec43d75a461c31b82f554632fbed8b53
https://conda.anaconda.org/conda-forge/linux-64/xorg-libsm-1.2.3-hd9c2040_1000.tar.bz2#9e856f78d5c80d5a78f61e72d1d473a3
https://conda.anaconda.org/conda-forge/linux-64/zlib-1.2.12-h166bdaf_1.tar.bz2#e4b67f2b4096807cd7d836227c026a43
https://conda.anaconda.org/conda-forge/linux-64/zstd-1.5.2-h8a70e8d_2.tar.bz2#78c26dbb6e07d95ccc0eab8d4540aa0c
https://conda.anaconda.org/conda-forge/linux-64/blosc-1.21.1-h83bc5f7_3.tar.bz2#37baca23e60af4130cfc03e8ab9f8e22
https://conda.anaconda.org/conda-forge/linux-64/boost-cpp-1.74.0-h75c5d50_8.tar.bz2#9c5996e7741d205bc76a518173ff6b82
https://conda.anaconda.org/conda-forge/linux-64/brotli-bin-1.0.9-h166bdaf_7.tar.bz2#1699c1211d56a23c66047524cd76796e
https://conda.anaconda.org/conda-forge/linux-64/gcc-10.3.0-he2824d0_10.tar.bz2#b1f092f4fdbfff91e1df27aa46efa2bb
https://conda.anaconda.org/conda-forge/linux-64/gcc_linux-64-10.3.0-hc39de41_10.tar.bz2#6e52c54509389c06f88ea74c137f75be
https://conda.anaconda.org/conda-forge/linux-64/gfortran_impl_linux-64-10.3.0-h73f4979_16.tar.bz2#0407b066da49b4562ce054c06b40558c
https://conda.anaconda.org/conda-forge/linux-64/gxx_impl_linux-64-10.3.0-hf2f2afa_16.tar.bz2#f825336ce3d4dba77ffd1edc78e7abf9
https://conda.anaconda.org/conda-forge/linux-64/hdf4-4.2.15-h10796ff_3.tar.bz2#21a8d66dc17f065023b33145c42652fe
https://conda.anaconda.org/conda-forge/linux-64/krb5-1.19.3-h08a2579_0.tar.bz2#d25e05e7ee0e302b52d24491db4891eb
https://conda.anaconda.org/conda-forge/linux-64/libcblas-3.9.0-15_linux64_openblas.tar.bz2#f45968428e445fd0c6472b561145812a
https://conda.anaconda.org/conda-forge/linux-64/libglib-2.70.2-h174f98d_4.tar.bz2#d44314ffae96b17657fbf3f8e47b04fc
https://conda.anaconda.org/conda-forge/linux-64/liblapack-3.9.0-15_linux64_openblas.tar.bz2#b7078220384b8bf8db1a45e66412ac4f
https://conda.anaconda.org/conda-forge/linux-64/libnghttp2-1.47.0-he49606f_0.tar.bz2#2a45132d4afadacf23f401c997ac163b
https://conda.anaconda.org/conda-forge/linux-64/libpng-1.6.37-h753d276_3.tar.bz2#3e868978a04de8bf65a97bb86760f47a
https://conda.anaconda.org/conda-forge/linux-64/libssh2-1.10.0-ha35d2d1_2.tar.bz2#e0adb0915b3e6971a84e347f998ca837
https://conda.anaconda.org/conda-forge/linux-64/libtiff-4.4.0-hc85c160_1.tar.bz2#151f9fae3ab50f039c8735e47770aa2d
https://conda.anaconda.org/conda-forge/linux-64/libxml2-2.9.14-h22db469_3.tar.bz2#b6f4a0850ba620030a48b88c25497aaa
https://conda.anaconda.org/conda-forge/linux-64/libzip-1.9.2-hc929e4a_0.tar.bz2#7f01fb40dbb00a4873d5b56abca6164e
https://conda.anaconda.org/conda-forge/linux-64/sqlite-3.39.0-h4ff8645_0.tar.bz2#ead30581ba8cfd52d69632868b844d4a
https://conda.anaconda.org/conda-forge/linux-64/xorg-libx11-1.7.2-h7f98852_0.tar.bz2#12a61e640b8894504326aadafccbb790
https://conda.anaconda.org/conda-forge/linux-64/brotli-1.0.9-h166bdaf_7.tar.bz2#3889dec08a472eb0f423e5609c76bde1
https://conda.anaconda.org/conda-forge/linux-64/c-compiler-1.4.2-h166bdaf_0.tar.bz2#d3a922efc75c5f2534372eead96d46be
https://conda.anaconda.org/conda-forge/linux-64/freetype-2.10.4-h0708190_1.tar.bz2#4a06f2ac2e5bfae7b6b245171c3f07aa
https://conda.anaconda.org/conda-forge/linux-64/gfortran-10.3.0-h18518b4_10.tar.bz2#794676d0d7dd69998cb12654cf37f43d
https://conda.anaconda.org/conda-forge/linux-64/gfortran_linux-64-10.3.0-hb09a455_10.tar.bz2#dd9058b625a6edce185db90cf99e3590
https://conda.anaconda.org/conda-forge/linux-64/gxx-10.3.0-he2824d0_10.tar.bz2#121c9d19ecb6cf6e587c2ab8dfb5c73c
https://conda.anaconda.org/conda-forge/linux-64/gxx_linux-64-10.3.0-h2593f52_10.tar.bz2#075de70ba0493c56ed9e9cda930978ce
https://conda.anaconda.org/conda-forge/linux-64/lcms2-2.12-hddcbb42_0.tar.bz2#797117394a4aa588de6d741b06fad80f
https://conda.anaconda.org/conda-forge/linux-64/libcurl-7.83.1-h2283fc2_0.tar.bz2#2a10689a8be25009984735be9a2b26a9
https://conda.anaconda.org/conda-forge/linux-64/libkml-1.3.0-h238a007_1014.tar.bz2#abd8e196ad04781818acef26cc451d66
https://conda.anaconda.org/conda-forge/linux-64/libpq-14.4-he2d8382_0.tar.bz2#73038d5278e922bb655235ee18545ced
https://conda.anaconda.org/conda-forge/linux-64/libwebp-1.2.2-h3452ae3_0.tar.bz2#c363665b4aabe56aae4f8981cff5b153
https://conda.anaconda.org/conda-forge/linux-64/nss-3.78-h2350873_0.tar.bz2#ab3df39f96742e6f1a9878b09274c1dc
https://conda.anaconda.org/conda-forge/linux-64/openjpeg-2.4.0-hb52868f_1.tar.bz2#b7ad78ad2e9ee155f59e6428406ee824
https://conda.anaconda.org/conda-forge/linux-64/python-3.10.5-ha86cf86_0_cpython.tar.bz2#55a9dbd539c8af4e1a0ff5d87c1f3a14
https://conda.anaconda.org/conda-forge/linux-64/xorg-libxext-1.3.4-h7f98852_1.tar.bz2#536cc5db4d0a3ba0630541aec064b5e4
https://conda.anaconda.org/conda-forge/linux-64/xorg-libxrender-0.9.10-h7f98852_1003.tar.bz2#f59c1242cc1dd93e72c2ee2b360979eb
https://conda.anaconda.org/conda-forge/noarch/attrs-21.4.0-pyhd8ed1ab_0.tar.bz2#f70280205d7044c8b8358c8de3190e5d
https://conda.anaconda.org/conda-forge/linux-64/cfitsio-4.1.0-hd9d235c_0.tar.bz2#ebc04a148d7204bb428f8633b89fd3dd
https://conda.anaconda.org/conda-forge/noarch/cloudpickle-2.1.0-pyhd8ed1ab_0.tar.bz2#f7551a8a008dfad2b7ac9662dd124614
https://conda.anaconda.org/conda-forge/linux-64/curl-7.83.1-h2283fc2_0.tar.bz2#8968421d2c89a6b89dfc28d283971de1
https://conda.anaconda.org/conda-forge/linux-64/cxx-compiler-1.4.2-h924138e_0.tar.bz2#40b38afc72b4f12be8a2ca29853b03ac
https://conda.anaconda.org/conda-forge/noarch/cycler-0.11.0-pyhd8ed1ab_0.tar.bz2#a50559fad0affdbb33729a68669ca1cb
https://conda.anaconda.org/conda-forge/linux-64/fontconfig-2.14.0-h8e229c2_0.tar.bz2#f314f79031fec74adc9bff50fbaffd89
https://conda.anaconda.org/conda-forge/linux-64/fortran-compiler-1.4.2-h2a4ca65_0.tar.bz2#a39c981deb5b50e2ea1464ab9d5c0b10
https://conda.anaconda.org/conda-forge/noarch/fsspec-2022.5.0-pyhd8ed1ab_0.tar.bz2#db4ffc615663c66a9cc0869ce4d1092b
https://conda.anaconda.org/conda-forge/noarch/geographiclib-1.52-pyhd8ed1ab_0.tar.bz2#6880e7100ebae550a33ce26663316d85
https://conda.anaconda.org/conda-forge/linux-64/hdf5-1.12.1-mpi_mpich_h5d83325_4.tar.bz2#f3d9684dd5b424c2bdab10365e40ee5c
https://conda.anaconda.org/conda-forge/noarch/locket-1.0.0-pyhd8ed1ab_0.tar.bz2#91e27ef3d05cc772ce627e51cff111c4
https://conda.anaconda.org/conda-forge/noarch/munkres-1.1.4-pyh9f0ad1d_0.tar.bz2#2ba8498c1018c1e9c61eb99b973dfe19
https://conda.anaconda.org/conda-forge/linux-64/postgresql-14.4-ha7cec9f_0.tar.bz2#316889c900415b2e90d81aff57e53820
https://conda.anaconda.org/conda-forge/linux-64/proj-9.0.1-h93bde94_1.tar.bz2#8259528ea471b0963a91ce174f002e55
https://conda.anaconda.org/conda-forge/noarch/pyparsing-3.0.9-pyhd8ed1ab_0.tar.bz2#e8fbc1b54b25f4b08281467bc13b70cc
https://conda.anaconda.org/conda-forge/noarch/pyshp-2.3.0-pyhd8ed1ab_0.tar.bz2#0158f62cae46ad1fb77c522c4e7ecc90
https://conda.anaconda.org/conda-forge/linux-64/python_abi-3.10-2_cp310.tar.bz2#9e7160cd0d865e98f6803f1fe15c8b61
https://conda.anaconda.org/conda-forge/noarch/pytz-2022.1-pyhd8ed1ab_0.tar.bz2#b87d66d6d3991d988fb31510c95a9267
https://conda.anaconda.org/conda-forge/noarch/six-1.16.0-pyh6c4a22f_0.tar.bz2#e5f25f8dbc060e9a8d912e432202afc2
https://conda.anaconda.org/conda-forge/noarch/toolz-0.12.0-pyhd8ed1ab_0.tar.bz2#92facfec94bc02d6ccf42e7173831a36
https://conda.anaconda.org/conda-forge/noarch/wheel-0.37.1-pyhd8ed1ab_0.tar.bz2#1ca02aaf78d9c70d9a81a3bed5752022
https://conda.anaconda.org/conda-forge/linux-64/antlr-python-runtime-4.7.2-py310hff52083_1003.tar.bz2#8324f8fff866055d4b32eb25e091fe31
https://conda.anaconda.org/conda-forge/linux-64/cairo-1.16.0-ha61ee94_1011.tar.bz2#0b53c7f7af13244374ef7226bac3f843
https://conda.anaconda.org/conda-forge/linux-64/certifi-2022.6.15-py310hff52083_0.tar.bz2#a5087d46181f812a662fbe20352961ee
https://conda.anaconda.org/conda-forge/linux-64/click-8.1.3-py310hff52083_0.tar.bz2#a09e14173c5ded52ef7917b249c9280e
https://conda.anaconda.org/conda-forge/linux-64/compilers-1.4.2-ha770c72_0.tar.bz2#b353fa1271e1a82d37a7d35f4785de13
https://conda.anaconda.org/conda-forge/noarch/geopy-2.2.0-pyhd8ed1ab_0.tar.bz2#07259c829ac940ca470525a74d4b5eb1
https://conda.anaconda.org/conda-forge/linux-64/geotiff-1.7.1-h4fc65e6_3.tar.bz2#dc47fc3ed22615992f89effadd512988
https://conda.anaconda.org/conda-forge/linux-64/kealib-1.4.15-hfe1a663_0.tar.bz2#32fda93b8db4b6be630d1ee6a94f23b9
https://conda.anaconda.org/conda-forge/linux-64/kiwisolver-1.4.3-py310hbf28c38_0.tar.bz2#93b57192dd2e93b6d5ed00be96e8ae55
https://conda.anaconda.org/conda-forge/linux-64/libdap4-3.20.6-hd7c4107_2.tar.bz2#c265ae57e3acdc891f3e2b93cf6784f5
https://conda.anaconda.org/conda-forge/linux-64/libnetcdf-4.8.1-mpi_mpich_hcdf9059_2.tar.bz2#7c035ca8a06010c4d9730c428d1a5969
https://conda.anaconda.org/conda-forge/linux-64/libspatialite-5.0.1-h38b5f51_18.tar.bz2#4d82b1ae736b9203cac4155b9965f0fa
https://conda.anaconda.org/conda-forge/linux-64/markupsafe-2.1.1-py310h5764c6d_1.tar.bz2#ec5a727504409ad1380fc2a84f83d002
https://conda.anaconda.org/conda-forge/linux-64/mpi4py-3.1.3-py310h37cc914_1.tar.bz2#54eaedc01b1aee271e4f150d03ffc8b0
https://conda.anaconda.org/conda-forge/noarch/nested-lookup-0.2.25-pyhd8ed1ab_1.tar.bz2#2f59daeb14581d41b1e2dda0895933b2
https://conda.anaconda.org/conda-forge/linux-64/numpy-1.23.1-py310h53a5b5f_0.tar.bz2#9b86a46d908354fe7f91da24f5ea3f36
https://conda.anaconda.org/conda-forge/noarch/packaging-21.3-pyhd8ed1ab_0.tar.bz2#71f1ab2de48613876becddd496371c85
https://conda.anaconda.org/conda-forge/noarch/partd-1.2.0-pyhd8ed1ab_0.tar.bz2#0c32f563d7f22e3a34c95cad8cc95651
https://conda.anaconda.org/conda-forge/linux-64/pillow-9.2.0-py310he619898_0.tar.bz2#5808b13c720854aaa3307c6e04cc1505
https://conda.anaconda.org/conda-forge/noarch/python-dateutil-2.8.2-pyhd8ed1ab_0.tar.bz2#dd999d1cc9f79e67dbb855c8924c7984
https://conda.anaconda.org/conda-forge/linux-64/python-xxhash-3.0.0-py310h5764c6d_1.tar.bz2#b6f54b7c4177a745d5e6e4319282253a
https://conda.anaconda.org/conda-forge/linux-64/pyyaml-6.0-py310h5764c6d_4.tar.bz2#505dcf6be997e732d7a33831950dc3cf
https://conda.anaconda.org/conda-forge/linux-64/setuptools-63.1.0-py310hff52083_0.tar.bz2#4957e3a46761a6c7a3a05233c39ed904
https://conda.anaconda.org/conda-forge/linux-64/tiledb-2.9.5-h3f4058f_0.tar.bz2#4128510b35ed578b909ea68234c9330f
https://conda.anaconda.org/conda-forge/linux-64/unicodedata2-14.0.0-py310h5764c6d_1.tar.bz2#791689ce9e578e2e83b635974af61743
https://conda.anaconda.org/conda-forge/linux-64/cftime-1.6.1-py310hde88566_0.tar.bz2#1f84cf065287d73aa0233d432d3a1ba9
https://conda.anaconda.org/conda-forge/noarch/click-plugins-1.1.1-py_0.tar.bz2#4fd2c6b53934bd7d96d1f3fdaf99b79f
https://conda.anaconda.org/conda-forge/noarch/cligj-0.7.2-pyhd8ed1ab_1.tar.bz2#a29b7c141d6b2de4bb67788a5f107734
https://conda.anaconda.org/conda-forge/noarch/dask-core-2022.7.0-pyhd8ed1ab_0.tar.bz2#3b533fc35efb54900c9e4ab06242f8b5
https://conda.anaconda.org/conda-forge/linux-64/fonttools-4.34.4-py310h5764c6d_0.tar.bz2#c965e9e47e42b19d26994e848d2a40e6
https://conda.anaconda.org/conda-forge/noarch/jinja2-3.1.2-pyhd8ed1ab_1.tar.bz2#c8490ed5c70966d232fdd389d0dbed37
https://conda.anaconda.org/conda-forge/noarch/munch-2.5.0-py_0.tar.bz2#31d9e9be500e25ff0050bc9f57a6bcd7
https://conda.anaconda.org/conda-forge/linux-64/netcdf-fortran-4.5.4-mpi_mpich_h1364a43_0.tar.bz2#b6ba4f487ef9fd5d353ff277df06d133
https://conda.anaconda.org/conda-forge/linux-64/pandas-1.4.3-py310h769672d_0.tar.bz2#e48c810453df0f03bb8fcdff5e1d9e9d
https://conda.anaconda.org/conda-forge/noarch/pip-22.1.2-pyhd8ed1ab_0.tar.bz2#d29185c662a424f8bea1103270b85c96
https://conda.anaconda.org/conda-forge/linux-64/poppler-22.04.0-h1434ded_1.tar.bz2#cccf97896845c6b3e4a7d77f0b16e47a
https://conda.anaconda.org/conda-forge/linux-64/pyproj-3.3.1-py310hf94497c_1.tar.bz2#aaa559c22c09139a504796bd453fd535
https://conda.anaconda.org/conda-forge/linux-64/python-stratify-0.2.post0-py310hde88566_2.tar.bz2#a282f30e2e1efa1f210817597e144762
https://conda.anaconda.org/conda-forge/linux-64/scipy-1.8.1-py310h7612f91_0.tar.bz2#14a7ea0620e4c0801bee756171f4dc03
https://conda.anaconda.org/conda-forge/linux-64/shapely-1.8.2-py310h5e49deb_3.tar.bz2#5305d80a31c7db98765b52ea95521ff6
https://conda.anaconda.org/conda-forge/linux-64/cf-units-3.0.1-py310h96516ba_2.tar.bz2#595f4a5a69f91cd0f72e75417c2eeedb
https://conda.anaconda.org/conda-forge/linux-64/esmf-8.2.0-mpi_mpich_h4975321_100.tar.bz2#56f5c650937b1667ad0a557a0dff3bc4
https://conda.anaconda.org/conda-forge/linux-64/libgdal-3.5.1-h0c20829_1.tar.bz2#cdf55fbb2010f619d74a9f3e4bc79174
https://conda.anaconda.org/conda-forge/linux-64/matplotlib-base-3.5.2-py310h5701ce4_0.tar.bz2#b038b2e97ae14fea11159dcb2c5abf0a
https://conda.anaconda.org/conda-forge/linux-64/netcdf4-1.6.0-nompi_py310h947f774_100.tar.bz2#ebde0c4a610be54e818f5407ddc33af7
https://conda.anaconda.org/conda-forge/linux-64/cartopy-0.20.3-py310he7eef42_1.tar.bz2#a06eff87c5bbd8ece667e155854fec2b
https://conda.anaconda.org/conda-forge/linux-64/esmpy-8.2.0-mpi_mpich_py310hd9c82d4_101.tar.bz2#0333d51ee594be40f50b157ac6f27b5a
https://conda.anaconda.org/conda-forge/linux-64/gdal-3.5.1-py310h8172e47_1.tar.bz2#e3e8495e882625fc0679d321ed383134
https://conda.anaconda.org/conda-forge/linux-64/fiona-1.8.21-py310h60a68a4_2.tar.bz2#38fa8f11a6934dad551fca85669b6c4b
https://conda.anaconda.org/conda-forge/noarch/iris-3.2.1-pyhd8ed1ab_0.tar.bz2#b723e3e16d57b43720233fa7c4241fa6
