# Generated by conda-lock.
# platform: linux-64
# input_hash: ce83775fce896a36de65865a3299cf8d1a0d292cde389bdeca3d2495a86781cd
@EXPLICIT
https://conda.anaconda.org/conda-forge/linux-64/_libgcc_mutex-0.1-conda_forge.tar.bz2#d7c89558ba9fa0495403155b64376d81
https://conda.anaconda.org/conda-forge/linux-64/ca-certificates-2021.10.8-ha878542_0.tar.bz2#575611b8a84f45960e87722eeb51fa26
https://conda.anaconda.org/conda-forge/noarch/font-ttf-dejavu-sans-mono-2.37-hab24e00_0.tar.bz2#0c96522c6bdaed4b1566d11387caaf45
https://conda.anaconda.org/conda-forge/noarch/font-ttf-inconsolata-3.000-h77eed37_0.tar.bz2#34893075a5c9e55cdafac56607368fc6
https://conda.anaconda.org/conda-forge/noarch/font-ttf-source-code-pro-2.038-h77eed37_0.tar.bz2#4d59c254e01d9cde7957100457e2d5fb
https://conda.anaconda.org/conda-forge/noarch/font-ttf-ubuntu-0.83-hab24e00_0.tar.bz2#19410c3df09dfb12d1206132a1d357c5
https://conda.anaconda.org/conda-forge/noarch/kernel-headers_linux-64-2.6.32-he073ed8_15.tar.bz2#5dd5127afd710f91f6a75821bac0a4f0
https://conda.anaconda.org/conda-forge/linux-64/ld_impl_linux-64-2.36.1-hea4e1c9_2.tar.bz2#bd4f2e711b39af170e7ff15163fe87ee
https://conda.anaconda.org/conda-forge/linux-64/libgcc-devel_linux-64-10.3.0-he6cfe16_14.tar.bz2#b24874f24db91b9e8dab931945a125e3
https://conda.anaconda.org/conda-forge/linux-64/libgfortran5-11.2.0-h5c6108e_14.tar.bz2#f8b51fb7bccd48f959982973df578165
https://conda.anaconda.org/conda-forge/linux-64/libstdcxx-devel_linux-64-10.3.0-he6cfe16_14.tar.bz2#c040967eb2715fab3e735518d18a33cc
https://conda.anaconda.org/conda-forge/linux-64/libstdcxx-ng-11.2.0-he4da1e4_14.tar.bz2#c3b55849172e4bfa01d3349ea8e73a3a
https://conda.anaconda.org/conda-forge/linux-64/mpi-1.0-mpich.tar.bz2#c1fcff3417b5a22bbc4cf6e8c23648cf
https://conda.anaconda.org/conda-forge/noarch/poppler-data-0.4.11-hd8ed1ab_0.tar.bz2#abc27381c4f005da588cffa1f76403ee
https://conda.anaconda.org/conda-forge/noarch/tzdata-2021e-he74cb21_0.tar.bz2#a751ec502589ebdc2eceb183ff602569
https://conda.anaconda.org/conda-forge/noarch/fonts-conda-forge-1-0.tar.bz2#f766549260d6815b0c52253f1fb1bb29
https://conda.anaconda.org/conda-forge/linux-64/libgfortran-ng-11.2.0-h69a702a_14.tar.bz2#67328431d4aeab35e5a2c6c22669c22b
https://conda.anaconda.org/conda-forge/linux-64/libgomp-11.2.0-h1d223b6_14.tar.bz2#a77fb1a92411cb8d979de1c2d81dd210
https://conda.anaconda.org/conda-forge/noarch/sysroot_linux-64-2.12-he073ed8_15.tar.bz2#66c192522eacf5bb763568b4e415d133
https://conda.anaconda.org/conda-forge/linux-64/_openmp_mutex-4.5-1_gnu.tar.bz2#561e277319a41d4f24f5c05a9ef63c04
https://conda.anaconda.org/conda-forge/linux-64/binutils_impl_linux-64-2.36.1-h193b22a_2.tar.bz2#32aae4265554a47ea77f7c09f86aeb3b
https://conda.anaconda.org/conda-forge/noarch/fonts-conda-ecosystem-1-0.tar.bz2#fee5683a3f04bd15cbd8318b096a27ab
https://conda.anaconda.org/conda-forge/linux-64/binutils-2.36.1-hdd6e379_2.tar.bz2#3111f86041b5b6863545ca49130cca95
https://conda.anaconda.org/conda-forge/linux-64/binutils_linux-64-2.36-hf3e587d_7.tar.bz2#a7c6df9531b8639c567e82681f3ece7b
https://conda.anaconda.org/conda-forge/linux-64/libgcc-ng-11.2.0-h1d223b6_14.tar.bz2#47e6c01d149b26090748d9d1ac32491b
https://conda.anaconda.org/conda-forge/linux-64/blosc-1.21.0-h9c3ff4c_0.tar.bz2#5e815e5126c6f7e34ab4496fa1b48dca
https://conda.anaconda.org/conda-forge/linux-64/bzip2-1.0.8-h7f98852_4.tar.bz2#a1fd65c7ccbf10880423d82bca54eb54
https://conda.anaconda.org/conda-forge/linux-64/c-ares-1.18.1-h7f98852_0.tar.bz2#f26ef8098fab1f719c91eb760d63381a
https://conda.anaconda.org/conda-forge/linux-64/expat-2.4.7-h27087fc_0.tar.bz2#b7fcfe2c2e21e5b696a98d774ac3f701
https://conda.anaconda.org/conda-forge/linux-64/freexl-1.0.6-h7f98852_0.tar.bz2#fb707484f02b122edec5fe3d1f3f552f
https://conda.anaconda.org/conda-forge/linux-64/geos-3.10.2-h9c3ff4c_0.tar.bz2#fe9a66a351bfa7a84c3108304c7bcba5
https://conda.anaconda.org/conda-forge/linux-64/giflib-5.2.1-h36c2ea0_2.tar.bz2#626e68ae9cc5912d6adb79d318cf962d
https://conda.anaconda.org/conda-forge/linux-64/icu-69.1-h9c3ff4c_0.tar.bz2#e0773c9556d588b062a4e1424a6a02fa
https://conda.anaconda.org/conda-forge/linux-64/jbig-2.1-h7f98852_2003.tar.bz2#1aa0cee79792fa97b7ff4545110b60bf
https://conda.anaconda.org/conda-forge/linux-64/jpeg-9e-h7f98852_0.tar.bz2#5c214edc675a7fb7cbb34b1d854e5141
https://conda.anaconda.org/conda-forge/linux-64/json-c-0.15-h98cffda_0.tar.bz2#f32d45a88e7462be446824654dbcf4a4
https://conda.anaconda.org/conda-forge/linux-64/keyutils-1.6.1-h166bdaf_0.tar.bz2#30186d27e2c9fa62b45fb1476b7200e3
https://conda.anaconda.org/conda-forge/linux-64/lerc-3.0-h9c3ff4c_0.tar.bz2#7fcefde484980d23f0ec24c11e314d2e
https://conda.anaconda.org/conda-forge/linux-64/libbrotlicommon-1.0.9-h7f98852_6.tar.bz2#b0f44f63f7d771d7670747a1dd5d5ac1
https://conda.anaconda.org/conda-forge/linux-64/libdeflate-1.10-h7f98852_0.tar.bz2#ffa3a757a97e851293909b49f49f28fb
https://conda.anaconda.org/conda-forge/linux-64/libev-4.33-h516909a_1.tar.bz2#6f8720dff19e17ce5d48cfe7f3d2f0a3
https://conda.anaconda.org/conda-forge/linux-64/libffi-3.4.2-h7f98852_5.tar.bz2#d645c6d2ac96843a2bfaccd2d62b3ac3
https://conda.anaconda.org/conda-forge/linux-64/libiconv-1.16-h516909a_0.tar.bz2#5c0f338a513a2943c659ae619fca9211
https://conda.anaconda.org/conda-forge/linux-64/libnsl-2.0.0-h7f98852_0.tar.bz2#39b1328babf85c7c3a61636d9cd50206
https://conda.anaconda.org/conda-forge/linux-64/libopenblas-0.3.18-pthreads_h8fe5266_0.tar.bz2#41532e4448c0cce086d6570f95e4e12e
https://conda.anaconda.org/conda-forge/linux-64/libsanitizer-10.3.0-h26c7422_14.tar.bz2#02eae4868c77d03a12965b8400ca8a93
https://conda.anaconda.org/conda-forge/linux-64/libuuid-2.32.1-h7f98852_1000.tar.bz2#772d69f030955d9646d3d0eaf21d859d
https://conda.anaconda.org/conda-forge/linux-64/libwebp-base-1.2.2-h7f98852_1.tar.bz2#46cf26ecc8775a0aab300ea1821aaa3c
https://conda.anaconda.org/conda-forge/linux-64/libzlib-1.2.11-h36c2ea0_1013.tar.bz2#dcddf696ff5dfcab567100d691678e18
https://conda.anaconda.org/conda-forge/linux-64/lz4-c-1.9.3-h9c3ff4c_1.tar.bz2#fbe97e8fa6f275d7c76a09e795adc3e6
https://conda.anaconda.org/conda-forge/linux-64/mpich-4.0.1-h846660c_100.tar.bz2#4b85205b094808088bb0862e08251653
https://conda.anaconda.org/conda-forge/linux-64/ncurses-6.3-h9c3ff4c_0.tar.bz2#fb31bcb7af058244479ca635d20f0f4a
https://conda.anaconda.org/conda-forge/linux-64/nspr-4.32-h9c3ff4c_1.tar.bz2#29ded371806431b0499aaee146abfc3e
https://conda.anaconda.org/conda-forge/linux-64/openssl-3.0.0-h7f98852_2.tar.bz2#3f9cc59705e5ee0c4ec99bd58fe94b94
https://conda.anaconda.org/conda-forge/linux-64/pcre-8.45-h9c3ff4c_0.tar.bz2#c05d1820a6d34ff07aaaab7a9b7eddaa
https://conda.anaconda.org/conda-forge/linux-64/pixman-0.40.0-h36c2ea0_0.tar.bz2#660e72c82f2e75a6b3fe6a6e75c79f19
https://conda.anaconda.org/conda-forge/linux-64/pthread-stubs-0.4-h36c2ea0_1001.tar.bz2#22dad4df6e8630e8dff2428f6f6a7036
https://conda.anaconda.org/conda-forge/linux-64/tzcode-2021e-h7f98852_0.tar.bz2#68f160505f506e8a688d3450dc3f437c
https://conda.anaconda.org/conda-forge/linux-64/xorg-kbproto-1.0.7-h7f98852_1002.tar.bz2#4b230e8381279d76131116660f5a241a
https://conda.anaconda.org/conda-forge/linux-64/xorg-libice-1.0.10-h7f98852_0.tar.bz2#d6b0b50b49eccfe0be0373be628be0f3
https://conda.anaconda.org/conda-forge/linux-64/xorg-libxau-1.0.9-h7f98852_0.tar.bz2#bf6f803a544f26ebbdc3bfff272eb179
https://conda.anaconda.org/conda-forge/linux-64/xorg-libxdmcp-1.1.3-h7f98852_0.tar.bz2#be93aabceefa2fac576e971aef407908
https://conda.anaconda.org/conda-forge/linux-64/xorg-renderproto-0.11.1-h7f98852_1002.tar.bz2#06feff3d2634e3097ce2fe681474b534
https://conda.anaconda.org/conda-forge/linux-64/xorg-xextproto-7.3.0-h7f98852_1002.tar.bz2#1e15f6ad85a7d743a2ac68dae6c82b98
https://conda.anaconda.org/conda-forge/linux-64/xorg-xproto-7.0.31-h7f98852_1007.tar.bz2#b4a4381d54784606820704f7b5f05a15
https://conda.anaconda.org/conda-forge/linux-64/xxhash-0.8.0-h7f98852_3.tar.bz2#52402c791f35e414e704b7a113f99605
https://conda.anaconda.org/conda-forge/linux-64/xz-5.2.5-h516909a_1.tar.bz2#33f601066901f3e1a85af3522a8113f9
https://conda.anaconda.org/conda-forge/linux-64/yaml-0.2.5-h7f98852_2.tar.bz2#4cb3ad778ec2d5a7acbdf254eb1c42ae
https://conda.anaconda.org/conda-forge/linux-64/gcc_impl_linux-64-10.3.0-hf2f2afa_14.tar.bz2#41e2e2935e902bfa6219f54ac53f8991
https://conda.anaconda.org/conda-forge/linux-64/gettext-0.19.8.1-h73d1719_1008.tar.bz2#af49250eca8e139378f8ff0ae9e57251
https://conda.anaconda.org/conda-forge/linux-64/libblas-3.9.0-13_linux64_openblas.tar.bz2#8a4038563ed92dfa622bd72c0d8f31d3
https://conda.anaconda.org/conda-forge/linux-64/libbrotlidec-1.0.9-h7f98852_6.tar.bz2#c7c03a2592cac92246a13a0732bd1573
https://conda.anaconda.org/conda-forge/linux-64/libbrotlienc-1.0.9-h7f98852_6.tar.bz2#28bfe0a70154e6881da7bae97517c948
https://conda.anaconda.org/conda-forge/linux-64/libedit-3.1.20191231-he28a2e2_2.tar.bz2#4d331e44109e3f0e19b4cb8f9b82f3e1
https://conda.anaconda.org/conda-forge/linux-64/librttopo-1.1.0-hf69c175_9.tar.bz2#24be5de0faf30ce36576f3dc73bc6cbc
https://conda.anaconda.org/conda-forge/linux-64/libxcb-1.13-h7f98852_1004.tar.bz2#b3653fdc58d03face9724f602218a904
https://conda.anaconda.org/conda-forge/linux-64/readline-8.1-h46c0cb4_0.tar.bz2#5788de3c8d7a7d64ac56c784c4ef48e6
https://conda.anaconda.org/conda-forge/linux-64/tk-8.6.12-h27826a3_0.tar.bz2#5b8c42eb62e9fc961af70bdd6a26e168
https://conda.anaconda.org/conda-forge/linux-64/udunits2-2.2.28-hc3e0081_0.tar.bz2#d4c341e0379c31e9e781d4f204726867
https://conda.anaconda.org/conda-forge/linux-64/xerces-c-3.2.3-h8ce2273_4.tar.bz2#b313f2002c5534313e3b2b74a76a051b
https://conda.anaconda.org/conda-forge/linux-64/xorg-libsm-1.2.3-hd9c2040_1000.tar.bz2#9e856f78d5c80d5a78f61e72d1d473a3
https://conda.anaconda.org/conda-forge/linux-64/zlib-1.2.11-h36c2ea0_1013.tar.bz2#cf7190238072a41e9579e4476a6a60b8
https://conda.anaconda.org/conda-forge/linux-64/zstd-1.5.2-ha95c52a_0.tar.bz2#5222b231b1ef49a7f60d40b363469b70
https://conda.anaconda.org/conda-forge/linux-64/boost-cpp-1.74.0-h6cacc03_7.tar.bz2#b7c1f8b1937c8572d7dce988a9df1a64
https://conda.anaconda.org/conda-forge/linux-64/brotli-bin-1.0.9-h7f98852_6.tar.bz2#9e94bf16f14c78a36561d5019f490d22
https://conda.anaconda.org/conda-forge/linux-64/gcc-10.3.0-he2824d0_7.tar.bz2#46b49335b93c86440c47292cb8e43f7f
https://conda.anaconda.org/conda-forge/linux-64/gcc_linux-64-10.3.0-hc39de41_7.tar.bz2#b6a2942075c5710e1e9dfd9eb4b84550
https://conda.anaconda.org/conda-forge/linux-64/gfortran_impl_linux-64-10.3.0-h73f4979_14.tar.bz2#f33f0ab64d88beb42419119ac6f6a0c1
https://conda.anaconda.org/conda-forge/linux-64/gxx_impl_linux-64-10.3.0-hf2f2afa_14.tar.bz2#7b244be3507834a078eea7f88c101c2f
https://conda.anaconda.org/conda-forge/linux-64/hdf4-4.2.15-h10796ff_3.tar.bz2#21a8d66dc17f065023b33145c42652fe
https://conda.anaconda.org/conda-forge/linux-64/krb5-1.19.3-h08a2579_0.tar.bz2#d25e05e7ee0e302b52d24491db4891eb
https://conda.anaconda.org/conda-forge/linux-64/libcblas-3.9.0-13_linux64_openblas.tar.bz2#b17676dbd6688396c3a3076259fb7907
https://conda.anaconda.org/conda-forge/linux-64/libglib-2.70.2-h174f98d_4.tar.bz2#d44314ffae96b17657fbf3f8e47b04fc
https://conda.anaconda.org/conda-forge/linux-64/liblapack-3.9.0-13_linux64_openblas.tar.bz2#018b80e8f21d8560ae4961567e3e00c9
https://conda.anaconda.org/conda-forge/linux-64/libnghttp2-1.47.0-he49606f_0.tar.bz2#2a45132d4afadacf23f401c997ac163b
https://conda.anaconda.org/conda-forge/linux-64/libpng-1.6.37-h21135ba_2.tar.bz2#b6acf807307d033d4b7e758b4f44b036
https://conda.anaconda.org/conda-forge/linux-64/libssh2-1.10.0-ha35d2d1_2.tar.bz2#e0adb0915b3e6971a84e347f998ca837
https://conda.anaconda.org/conda-forge/linux-64/libtiff-4.3.0-h542a066_3.tar.bz2#1a0efb4dfd880b0376da8e1ba39fa838
https://conda.anaconda.org/conda-forge/linux-64/libxml2-2.9.12-h885dcf4_1.tar.bz2#d1355eaa48f465782f228275a0a69771
https://conda.anaconda.org/conda-forge/linux-64/libzip-1.8.0-h1c5bbd1_1.tar.bz2#800eab3dd173ff4e48bc2e7cc5fa58e1
https://conda.anaconda.org/conda-forge/linux-64/sqlite-3.37.0-h9cd32fc_0.tar.bz2#eb66fc098824d25518a79e83d12a81d6
https://conda.anaconda.org/conda-forge/linux-64/xorg-libx11-1.7.2-h7f98852_0.tar.bz2#12a61e640b8894504326aadafccbb790
https://conda.anaconda.org/conda-forge/linux-64/brotli-1.0.9-h7f98852_6.tar.bz2#612385c4a83edb0619fe911d9da317f4
https://conda.anaconda.org/conda-forge/linux-64/c-compiler-1.4.1-h166bdaf_0.tar.bz2#0b9b4d483b7716227dbd2a028b8c54f3
https://conda.anaconda.org/conda-forge/linux-64/freetype-2.10.4-h0708190_1.tar.bz2#4a06f2ac2e5bfae7b6b245171c3f07aa
https://conda.anaconda.org/conda-forge/linux-64/gfortran_linux-64-10.3.0-hb09a455_7.tar.bz2#1a287daf3793d92dbaf6153ecb104976
https://conda.anaconda.org/conda-forge/linux-64/gxx-10.3.0-he2824d0_7.tar.bz2#96118523e0b27112613ff8b18d79dd25
https://conda.anaconda.org/conda-forge/linux-64/gxx_linux-64-10.3.0-h2593f52_7.tar.bz2#58f160c4358d037c51be6ece433cfeaf
https://conda.anaconda.org/conda-forge/linux-64/lcms2-2.12-hddcbb42_0.tar.bz2#797117394a4aa588de6d741b06fad80f
https://conda.anaconda.org/conda-forge/linux-64/libcurl-7.82.0-h2283fc2_0.tar.bz2#f541a27ac8f445a392c0fb680d91999a
https://conda.anaconda.org/conda-forge/linux-64/libkml-1.3.0-h238a007_1014.tar.bz2#abd8e196ad04781818acef26cc451d66
https://conda.anaconda.org/conda-forge/linux-64/libpq-14.2-h676c864_0.tar.bz2#013524c79f4441281fa1833b703c160a
https://conda.anaconda.org/conda-forge/linux-64/libwebp-1.2.2-h3452ae3_0.tar.bz2#c363665b4aabe56aae4f8981cff5b153
https://conda.anaconda.org/conda-forge/linux-64/nss-3.74-hb5efdd6_0.tar.bz2#136876ca50177058594f6c2944e95c40
https://conda.anaconda.org/conda-forge/linux-64/openjpeg-2.4.0-hb52868f_1.tar.bz2#b7ad78ad2e9ee155f59e6428406ee824
https://conda.anaconda.org/conda-forge/linux-64/python-3.10.2-hc74c709_4_cpython.tar.bz2#7da1c2210643d6324182c2d3c4e47c16
https://conda.anaconda.org/conda-forge/linux-64/xorg-libxext-1.3.4-h7f98852_1.tar.bz2#536cc5db4d0a3ba0630541aec064b5e4
https://conda.anaconda.org/conda-forge/linux-64/xorg-libxrender-0.9.10-h7f98852_1003.tar.bz2#f59c1242cc1dd93e72c2ee2b360979eb
https://conda.anaconda.org/conda-forge/noarch/attrs-21.4.0-pyhd8ed1ab_0.tar.bz2#f70280205d7044c8b8358c8de3190e5d
https://conda.anaconda.org/conda-forge/linux-64/cfitsio-4.0.0-h9a35b8e_0.tar.bz2#6b214116ecabe2c5457a93b9763de61d
https://conda.anaconda.org/conda-forge/noarch/cloudpickle-2.0.0-pyhd8ed1ab_0.tar.bz2#3a8fc8b627d5fb6af827e126a10a86c6
https://conda.anaconda.org/conda-forge/linux-64/curl-7.82.0-h2283fc2_0.tar.bz2#80f6edc6fdb8b07975b6674b3aba0efe
https://conda.anaconda.org/conda-forge/linux-64/cxx-compiler-1.4.1-h924138e_0.tar.bz2#6bc5cd27a4f9a2ec0b00e2681649db72
https://conda.anaconda.org/conda-forge/noarch/cycler-0.11.0-pyhd8ed1ab_0.tar.bz2#a50559fad0affdbb33729a68669ca1cb
https://conda.anaconda.org/conda-forge/linux-64/fontconfig-2.13.96-h8e229c2_2.tar.bz2#70d2ba376dff51a33343169642aebb44
https://conda.anaconda.org/conda-forge/noarch/fsspec-2022.2.0-pyhd8ed1ab_0.tar.bz2#f31e31092035d427b05233ab924c7613
https://conda.anaconda.org/conda-forge/noarch/geographiclib-1.52-pyhd8ed1ab_0.tar.bz2#6880e7100ebae550a33ce26663316d85
https://conda.anaconda.org/conda-forge/linux-64/gfortran-10.3.0-h18518b4_7.tar.bz2#0708e176c63a034c16da3daaa26bc4a1
https://conda.anaconda.org/conda-forge/linux-64/hdf5-1.12.1-mpi_mpich_h5d83325_4.tar.bz2#f3d9684dd5b424c2bdab10365e40ee5c
https://conda.anaconda.org/conda-forge/noarch/locket-0.2.0-py_2.tar.bz2#709e8671651c7ec3d1ad07800339ff1d
https://conda.anaconda.org/conda-forge/noarch/munkres-1.1.4-pyh9f0ad1d_0.tar.bz2#2ba8498c1018c1e9c61eb99b973dfe19
https://conda.anaconda.org/conda-forge/linux-64/postgresql-14.2-hce44dc1_0.tar.bz2#ce810fe57568fa704d5685aa1156b2bd
https://conda.anaconda.org/conda-forge/linux-64/proj-9.0.0-h93bde94_1.tar.bz2#cf908994f24ea526afc59f295d5b07c1
https://conda.anaconda.org/conda-forge/noarch/pyparsing-3.0.7-pyhd8ed1ab_0.tar.bz2#727e2216d9c47455d8ddc060eb2caad9
https://conda.anaconda.org/conda-forge/noarch/pyshp-2.2.0-pyhd8ed1ab_0.tar.bz2#2aa546be05be34b8e1744afd327b623f
https://conda.anaconda.org/conda-forge/linux-64/python_abi-3.10-2_cp310.tar.bz2#9e7160cd0d865e98f6803f1fe15c8b61
https://conda.anaconda.org/conda-forge/noarch/pytz-2021.3-pyhd8ed1ab_0.tar.bz2#7e4f811bff46a5a6a7e0094921389395
https://conda.anaconda.org/conda-forge/noarch/six-1.16.0-pyh6c4a22f_0.tar.bz2#e5f25f8dbc060e9a8d912e432202afc2
https://conda.anaconda.org/conda-forge/noarch/toolz-0.11.2-pyhd8ed1ab_0.tar.bz2#f348d1590550371edfac5ed3c1d44f7e
https://conda.anaconda.org/conda-forge/noarch/wheel-0.37.1-pyhd8ed1ab_0.tar.bz2#1ca02aaf78d9c70d9a81a3bed5752022
https://conda.anaconda.org/conda-forge/linux-64/antlr-python-runtime-4.7.2-py310hff52083_1003.tar.bz2#8324f8fff866055d4b32eb25e091fe31
https://conda.anaconda.org/conda-forge/linux-64/cairo-1.16.0-ha12eb4b_1010.tar.bz2#e15c0969bf37df9dae513a48ac871a7d
https://conda.anaconda.org/conda-forge/linux-64/certifi-2021.10.8-py310hff52083_1.tar.bz2#c26a27ad114b172abd212678fa640a3d
https://conda.anaconda.org/conda-forge/linux-64/click-8.0.4-py310hff52083_0.tar.bz2#39912f0cafb7e12568c8369763d8d2c7
https://conda.anaconda.org/conda-forge/linux-64/fortran-compiler-1.4.1-h2a4ca65_0.tar.bz2#5ce3102bc8a8bb59972aa3e47ece83a1
https://conda.anaconda.org/conda-forge/noarch/geopy-2.2.0-pyhd8ed1ab_0.tar.bz2#07259c829ac940ca470525a74d4b5eb1
https://conda.anaconda.org/conda-forge/linux-64/geotiff-1.7.1-h509b78c_0.tar.bz2#47ce349eb5ebc839120f36ce842002c5
https://conda.anaconda.org/conda-forge/linux-64/kealib-1.4.14-h87e4c3c_3.tar.bz2#41bf142f90ede16fa293161cbeff0335
https://conda.anaconda.org/conda-forge/linux-64/kiwisolver-1.3.2-py310h91b1402_1.tar.bz2#ff17724e01eba0ea1b145eba7479fe52
https://conda.anaconda.org/conda-forge/linux-64/libdap4-3.20.6-hd7c4107_2.tar.bz2#c265ae57e3acdc891f3e2b93cf6784f5
https://conda.anaconda.org/conda-forge/linux-64/libnetcdf-4.8.1-mpi_mpich_h319fa22_1.tar.bz2#7583fbaea3648f692c0c019254bc196c
https://conda.anaconda.org/conda-forge/linux-64/libspatialite-5.0.1-ha867d66_15.tar.bz2#31f84b4474cadeab8ec4f6cac6c0adf4
https://conda.anaconda.org/conda-forge/linux-64/markupsafe-2.1.0-py310h5764c6d_1.tar.bz2#8e511c8210ed8f511664784f60a726c0
https://conda.anaconda.org/conda-forge/linux-64/mpi4py-3.1.3-py310h853ac07_0.tar.bz2#3b7746d69e3fbccbc9dfc74e043f9e69
https://conda.anaconda.org/conda-forge/noarch/nested-lookup-0.2.23-pyhd8ed1ab_0.tar.bz2#594d3c28c7ebf459b9c1a9c6615df654
https://conda.anaconda.org/conda-forge/linux-64/numpy-1.22.3-py310h45f3432_0.tar.bz2#2e11fe0b35824f54b346dc8e056842cf
https://conda.anaconda.org/conda-forge/noarch/packaging-21.3-pyhd8ed1ab_0.tar.bz2#71f1ab2de48613876becddd496371c85
https://conda.anaconda.org/conda-forge/noarch/partd-1.2.0-pyhd8ed1ab_0.tar.bz2#0c32f563d7f22e3a34c95cad8cc95651
https://conda.anaconda.org/conda-forge/linux-64/pillow-9.0.1-py310he619898_2.tar.bz2#93a41b6357a5767ff2241ed835941bef
https://conda.anaconda.org/conda-forge/noarch/python-dateutil-2.8.2-pyhd8ed1ab_0.tar.bz2#dd999d1cc9f79e67dbb855c8924c7984
https://conda.anaconda.org/conda-forge/linux-64/python-xxhash-3.0.0-py310h5764c6d_0.tar.bz2#61f0f7ec3bf036a32ba99e05aa60c6f5
https://conda.anaconda.org/conda-forge/linux-64/pyyaml-6.0-py310h6acc77f_3.tar.bz2#f5c29d3db5786e165041203f33b71c6d
https://conda.anaconda.org/conda-forge/linux-64/setuptools-60.9.3-py310hff52083_0.tar.bz2#09625337da8fa8676b2ddbba6920f4a3
https://conda.anaconda.org/conda-forge/linux-64/tiledb-2.7.1-h3f4058f_0.tar.bz2#c7d3cb1c76251d652084df4ab50b64ad
https://conda.anaconda.org/conda-forge/linux-64/unicodedata2-14.0.0-py310h6acc77f_0.tar.bz2#f2afc1235587de593bbf47daf1a12696
https://conda.anaconda.org/conda-forge/linux-64/cftime-1.6.0-py310hde88566_0.tar.bz2#93df48c7694990f5bd73c6f8bbcbfe1b
https://conda.anaconda.org/conda-forge/noarch/click-plugins-1.1.1-py_0.tar.bz2#4fd2c6b53934bd7d96d1f3fdaf99b79f
https://conda.anaconda.org/conda-forge/noarch/cligj-0.7.2-pyhd8ed1ab_1.tar.bz2#a29b7c141d6b2de4bb67788a5f107734
https://conda.anaconda.org/conda-forge/linux-64/compilers-1.4.1-ha770c72_0.tar.bz2#96afb48aef4a41898ea5afb6636052d5
https://conda.anaconda.org/conda-forge/noarch/dask-core-2022.2.1-pyhd8ed1ab_0.tar.bz2#0cb751f07e68fda1d631a02faa66f0de
https://conda.anaconda.org/conda-forge/linux-64/fonttools-4.30.0-py310h5764c6d_0.tar.bz2#750b7517d59aed2f1889bc2500a78b7e
https://conda.anaconda.org/conda-forge/noarch/jinja2-3.0.3-pyhd8ed1ab_0.tar.bz2#036d872c653780cb26e797e2e2f61b4c
https://conda.anaconda.org/conda-forge/noarch/munch-2.5.0-py_0.tar.bz2#31d9e9be500e25ff0050bc9f57a6bcd7
https://conda.anaconda.org/conda-forge/linux-64/netcdf-fortran-4.5.4-mpi_mpich_h1364a43_0.tar.bz2#b6ba4f487ef9fd5d353ff277df06d133
https://conda.anaconda.org/conda-forge/linux-64/pandas-1.4.1-py310hb5077e9_0.tar.bz2#dbf15ea7048f3ec5af5f7b3c208f6d63
https://conda.anaconda.org/conda-forge/noarch/pip-22.0.4-pyhd8ed1ab_0.tar.bz2#b1239ce8ef2a1eec485c398a683c5bff
https://conda.anaconda.org/conda-forge/linux-64/poppler-22.01.0-h1434ded_1.tar.bz2#aeeae3fef1ed3f21ca8631009ea8c143
https://conda.anaconda.org/conda-forge/linux-64/pyproj-3.3.0-py310h9bf108f_2.tar.bz2#6fce0ac18dce893dccbd1e78866ab294
https://conda.anaconda.org/conda-forge/linux-64/python-stratify-0.2.post0-py310hde88566_1.tar.bz2#b9d9c5c706117e23e7b1745439c718b5
https://conda.anaconda.org/conda-forge/linux-64/scipy-1.8.0-py310hea5193d_1.tar.bz2#664d80ddeb51241629b3ada5ea926e4d
https://conda.anaconda.org/conda-forge/linux-64/shapely-1.8.0-py310h1b8dd88_5.tar.bz2#a4182f61789bb387a933bee988bf9458
https://conda.anaconda.org/conda-forge/linux-64/cf-units-3.0.1-py310h96516ba_2.tar.bz2#595f4a5a69f91cd0f72e75417c2eeedb
https://conda.anaconda.org/conda-forge/linux-64/esmf-8.2.0-mpi_mpich_h4975321_100.tar.bz2#56f5c650937b1667ad0a557a0dff3bc4
https://conda.anaconda.org/conda-forge/linux-64/libgdal-3.4.2-hda961b2_0.tar.bz2#8d55b79fdcf3254d777498d45cb9aaaa
https://conda.anaconda.org/conda-forge/linux-64/matplotlib-base-3.5.1-py310h23f4a51_0.tar.bz2#30df276308bb54aa802eacac35798595
https://conda.anaconda.org/conda-forge/linux-64/netcdf4-1.5.8-nompi_py310hd7ca5b8_101.tar.bz2#39f597922f7db648da47b67829d71280
https://conda.anaconda.org/conda-forge/linux-64/cartopy-0.20.2-py310hb89acbc_4.tar.bz2#bbe9747497db922d589bd721b99a517f
https://conda.anaconda.org/conda-forge/linux-64/esmpy-8.2.0-mpi_mpich_py310hd9c82d4_101.tar.bz2#0333d51ee594be40f50b157ac6f27b5a
https://conda.anaconda.org/conda-forge/linux-64/gdal-3.4.2-py310h8172e47_0.tar.bz2#6f7772c5166d6647f4a76d16b39fd649
https://conda.anaconda.org/conda-forge/linux-64/fiona-1.8.21-py310hfb73927_0.tar.bz2#6ef49829be8641097c61c858decee64b
https://conda.anaconda.org/conda-forge/noarch/iris-3.1.0-pyhd8ed1ab_3.tar.bz2#3cfd9ca2f6f9b03e0ca1f23cbd323e2a
